{
  "name": "language-fudomo",
  "version": "0.2.23",
  "lockfileVersion": 1,
  "requires": true,
  "dependencies": {
    "@babel/runtime": {
      "version": "7.4.5",
      "resolved": "https://registry.npmjs.org/@babel/runtime/-/runtime-7.4.5.tgz",
      "integrity": "sha512-TuI4qpWZP6lGOGIuGWtp9sPluqYICmbk8T/1vpSysqJxRPkudh/ofFWyqdcMsDf2s7KvDL4/YHgKyvcS3g9CJQ==",
      "requires": {
        "regenerator-runtime": "^0.13.2"
      }
    },
    "atom-package-deps": {
      "version": "5.1.0",
      "resolved": "https://registry.npmjs.org/atom-package-deps/-/atom-package-deps-5.1.0.tgz",
      "integrity": "sha512-RGktH8NSFBJ5rdwuta3M7DbFdDr1EgrXo7uW7DQR/+lWJZcrfH2yxobnSdb/g1JM1tTvLyRYmZYOeRJGqQ9UGw==",
      "requires": {
        "sb-fs": "^4.0.0",
        "semver": "^6.0.0"
      },
      "dependencies": {
        "semver": {
          "version": "6.1.2",
          "resolved": "https://registry.npmjs.org/semver/-/semver-6.1.2.tgz",
          "integrity": "sha512-z4PqiCpomGtWj8633oeAdXm1Kn1W++3T8epkZYnwiVgIYIJ0QHszhInYSJTYxebByQH7KVCEAn8R9duzZW2PhQ=="
        }
      }
    },
    "is-utf8": {
      "version": "0.2.1",
      "resolved": "https://registry.npmjs.org/is-utf8/-/is-utf8-0.2.1.tgz",
      "integrity": "sha1-Sw2hRCEE0bM2NA6AeX6GXPOffXI="
    },
    "regenerator-runtime": {
      "version": "0.13.2",
      "resolved": "https://registry.npmjs.org/regenerator-runtime/-/regenerator-runtime-0.13.2.tgz",
      "integrity": "sha512-S/TQAZJO+D3m9xeN1WTI8dLKBBiRgXBlTJvbWjCThHWZj9EvHK70Ff50/tYj2J/fvBY6JtFVwRuazHN2E7M9BA=="
    },
    "sb-fs": {
      "version": "4.0.0",
      "resolved": "https://registry.npmjs.org/sb-fs/-/sb-fs-4.0.0.tgz",
      "integrity": "sha512-UjjIHC4uahPWvKYqgknvFCCJ11S0oDahz+nsmyTCAmARKto31aoE+Lu7GGGK0nogengJEKGzFdh46ho5+IL88Q==",
      "requires": {
        "strip-bom-buf": "^1.0.0"
      }
    },
    "strip-bom-buf": {
      "version": "1.0.0",
      "resolved": "https://registry.npmjs.org/strip-bom-buf/-/strip-bom-buf-1.0.0.tgz",
      "integrity": "sha1-HLRar1dTD0yvhsf3UXnSyaUd1XI=",
      "requires": {
        "is-utf8": "^0.2.1"
      }
    },
    "tree-kill": {
      "version": "1.2.1",
      "resolved": "https://registry.npmjs.org/tree-kill/-/tree-kill-1.2.1.tgz",
      "integrity": "sha512-4hjqbObwlh2dLyW4tcz0Ymw0ggoaVDMveUB9w8kFSQScdRLo0gxO9J7WFcUBo+W3C1TLdFIEwNOWebgZZ0RH9Q=="
    },
    "vm2": {
      "version": "3.8.2",
      "resolved": "https://registry.npmjs.org/vm2/-/vm2-3.8.2.tgz",
      "integrity": "sha512-FE9slf0o4YoD2Jf7VEjytHTac2SMt2J4ahf9Tw9YLLVqJm0DQiMpmN+I0+RsnOZ0kb7PyeR1rLxathXZWJ23kg=="
    },
    "yaml": {
      "version": "1.6.0",
      "resolved": "https://registry.npmjs.org/yaml/-/yaml-1.6.0.tgz",
      "integrity": "sha512-iZfse3lwrJRoSlfs/9KQ9iIXxs9++RvBFVzAqbbBiFT+giYtyanevreF9r61ZTbGMgWQBxAua3FzJiniiJXWWw==",
      "requires": {
        "@babel/runtime": "^7.4.5"
      }
    }
  }
}
